
Microsoft Visual Studio Solution File, Format Version 11.00
# Visual Studio 2010
Project("{FAE04EC0-301F-11D3-BF4B-00C04F79EFBC}") = "Labyrinth", "Labyrinth\Labyrinth.csproj", "{96F3EB25-96D2-4E8A-AC47-371D49ADB975}"
EndProject
Project("{FAE04EC0-301F-11D3-BF4B-00C04F79EFBC}") = "Labyrinth.Tests", "Labyrinth.Tests\Labyrinth.Tests.csproj", "{BD9A7CA6-90AC-445F-AF23-9DF65DD1F3F2}"
EndProject
Project("{FAE04EC0-301F-11D3-BF4B-00C04F79EFBC}") = "MazeEvolution", "MazeEvolution\MazeEvolution.csproj", "{A6B4E9D6-CFFE-4501-8883-7602F4441562}"
EndProject
Project("{FAE04EC0-301F-11D3-BF4B-00C04F79EFBC}") = "Evolution", "Evolution\Evolution.csproj", "{BC3A3D3C-F6B1-40B4-BA35-23E5BA9D5186}"
EndProject
Project("{FAE04EC0-301F-11D3-BF4B-00C04F79EFBC}") = "Evolution.Tests", "Evolution.Tests\Evolution.Tests.csproj", "{007BA94D-8866-498B-AA52-E5E6D812CBB0}"
EndProject
Global
	GlobalSection(SolutionConfigurationPlatforms) = preSolution
		Debug|Any CPU = Debug|Any CPU
		Debug|Mixed Platforms = Debug|Mixed Platforms
		Debug|x86 = Debug|x86
		Release|Any CPU = Release|Any CPU
		Release|Mixed Platforms = Release|Mixed Platforms
		Release|x86 = Release|x86
	EndGlobalSection
	GlobalSection(ProjectConfigurationPlatforms) = postSolution
		{96F3EB25-96D2-4E8A-AC47-371D49ADB975}.Debug|Any CPU.ActiveCfg = Debug|Any CPU
		{96F3EB25-96D2-4E8A-AC47-371D49ADB975}.Debug|Any CPU.Build.0 = Debug|Any CPU
		{96F3EB25-96D2-4E8A-AC47-371D49ADB975}.Debug|Mixed Platforms.ActiveCfg = Debug|Any CPU
		{96F3EB25-96D2-4E8A-AC47-371D49ADB975}.Debug|Mixed Platforms.Build.0 = Debug|Any CPU
		{96F3EB25-96D2-4E8A-AC47-371D49ADB975}.Debug|x86.ActiveCfg = Debug|Any CPU
		{96F3EB25-96D2-4E8A-AC47-371D49ADB975}.Release|Any CPU.ActiveCfg = Release|Any CPU
		{96F3EB25-96D2-4E8A-AC47-371D49ADB975}.Release|Any CPU.Build.0 = Release|Any CPU
		{96F3EB25-96D2-4E8A-AC47-371D49ADB975}.Release|Mixed Platforms.ActiveCfg = Release|Any CPU
		{96F3EB25-96D2-4E8A-AC47-371D49ADB975}.Release|Mixed Platforms.Build.0 = Release|Any CPU
		{96F3EB25-96D2-4E8A-AC47-371D49ADB975}.Release|x86.ActiveCfg = Release|Any CPU
		{BD9A7CA6-90AC-445F-AF23-9DF65DD1F3F2}.Debug|Any CPU.ActiveCfg = Debug|Any CPU
		{BD9A7CA6-90AC-445F-AF23-9DF65DD1F3F2}.Debug|Any CPU.Build.0 = Debug|Any CPU
		{BD9A7CA6-90AC-445F-AF23-9DF65DD1F3F2}.Debug|Mixed Platforms.ActiveCfg = Debug|Any CPU
		{BD9A7CA6-90AC-445F-AF23-9DF65DD1F3F2}.Debug|Mixed Platforms.Build.0 = Debug|Any CPU
		{BD9A7CA6-90AC-445F-AF23-9DF65DD1F3F2}.Debug|x86.ActiveCfg = Debug|Any CPU
		{BD9A7CA6-90AC-445F-AF23-9DF65DD1F3F2}.Release|Any CPU.ActiveCfg = Release|Any CPU
		{BD9A7CA6-90AC-445F-AF23-9DF65DD1F3F2}.Release|Any CPU.Build.0 = Release|Any CPU
		{BD9A7CA6-90AC-445F-AF23-9DF65DD1F3F2}.Release|Mixed Platforms.ActiveCfg = Release|Any CPU
		{BD9A7CA6-90AC-445F-AF23-9DF65DD1F3F2}.Release|Mixed Platforms.Build.0 = Release|Any CPU
		{BD9A7CA6-90AC-445F-AF23-9DF65DD1F3F2}.Release|x86.ActiveCfg = Release|Any CPU
		{A6B4E9D6-CFFE-4501-8883-7602F4441562}.Debug|Any CPU.ActiveCfg = Debug|x86
		{A6B4E9D6-CFFE-4501-8883-7602F4441562}.Debug|Mixed Platforms.ActiveCfg = Debug|x86
		{A6B4E9D6-CFFE-4501-8883-7602F4441562}.Debug|Mixed Platforms.Build.0 = Debug|x86
		{A6B4E9D6-CFFE-4501-8883-7602F4441562}.Debug|x86.ActiveCfg = Debug|x86
		{A6B4E9D6-CFFE-4501-8883-7602F4441562}.Debug|x86.Build.0 = Debug|x86
		{A6B4E9D6-CFFE-4501-8883-7602F4441562}.Release|Any CPU.ActiveCfg = Release|x86
		{A6B4E9D6-CFFE-4501-8883-7602F4441562}.Release|Mixed Platforms.ActiveCfg = Release|x86
		{A6B4E9D6-CFFE-4501-8883-7602F4441562}.Release|Mixed Platforms.Build.0 = Release|x86
		{A6B4E9D6-CFFE-4501-8883-7602F4441562}.Release|x86.ActiveCfg = Release|x86
		{A6B4E9D6-CFFE-4501-8883-7602F4441562}.Release|x86.Build.0 = Release|x86
		{BC3A3D3C-F6B1-40B4-BA35-23E5BA9D5186}.Debug|Any CPU.ActiveCfg = Debug|Any CPU
		{BC3A3D3C-F6B1-40B4-BA35-23E5BA9D5186}.Debug|Any CPU.Build.0 = Debug|Any CPU
		{BC3A3D3C-F6B1-40B4-BA35-23E5BA9D5186}.Debug|Mixed Platforms.ActiveCfg = Debug|Any CPU
		{BC3A3D3C-F6B1-40B4-BA35-23E5BA9D5186}.Debug|Mixed Platforms.Build.0 = Debug|Any CPU
		{BC3A3D3C-F6B1-40B4-BA35-23E5BA9D5186}.Debug|x86.ActiveCfg = Debug|Any CPU
		{BC3A3D3C-F6B1-40B4-BA35-23E5BA9D5186}.Release|Any CPU.ActiveCfg = Release|Any CPU
		{BC3A3D3C-F6B1-40B4-BA35-23E5BA9D5186}.Release|Any CPU.Build.0 = Release|Any CPU
		{BC3A3D3C-F6B1-40B4-BA35-23E5BA9D5186}.Release|Mixed Platforms.ActiveCfg = Release|Any CPU
		{BC3A3D3C-F6B1-40B4-BA35-23E5BA9D5186}.Release|Mixed Platforms.Build.0 = Release|Any CPU
		{BC3A3D3C-F6B1-40B4-BA35-23E5BA9D5186}.Release|x86.ActiveCfg = Release|Any CPU
		{007BA94D-8866-498B-AA52-E5E6D812CBB0}.Debug|Any CPU.ActiveCfg = Debug|Any CPU
		{007BA94D-8866-498B-AA52-E5E6D812CBB0}.Debug|Any CPU.Build.0 = Debug|Any CPU
		{007BA94D-8866-498B-AA52-E5E6D812CBB0}.Debug|Mixed Platforms.ActiveCfg = Debug|Any CPU
		{007BA94D-8866-498B-AA52-E5E6D812CBB0}.Debug|Mixed Platforms.Build.0 = Debug|Any CPU
		{007BA94D-8866-498B-AA52-E5E6D812CBB0}.Debug|x86.ActiveCfg = Debug|Any CPU
		{007BA94D-8866-498B-AA52-E5E6D812CBB0}.Release|Any CPU.ActiveCfg = Release|Any CPU
		{007BA94D-8866-498B-AA52-E5E6D812CBB0}.Release|Any CPU.Build.0 = Release|Any CPU
		{007BA94D-8866-498B-AA52-E5E6D812CBB0}.Release|Mixed Platforms.ActiveCfg = Release|Any CPU
		{007BA94D-8866-498B-AA52-E5E6D812CBB0}.Release|Mixed Platforms.Build.0 = Release|Any CPU
		{007BA94D-8866-498B-AA52-E5E6D812CBB0}.Release|x86.ActiveCfg = Release|Any CPU
	EndGlobalSection
	GlobalSection(SolutionProperties) = preSolution
		HideSolutionNode = FALSE
	EndGlobalSection
EndGlobal
